
Microsoft Visual Studio Solution File, Format Version 12.00
# Visual Studio 2013
VisualStudioVersion = 12.0.21005.1
MinimumVisualStudioVersion = 10.0.40219.1
Project("{FAE04EC0-301F-11D3-BF4B-00C04F79EFBC}") = "JavaCompiler", "JavaCompiler\JavaCompiler.csproj", "{5B8D6D36-14B0-407C-B189-E068086294EC}"
	ProjectSection(ProjectDependencies) = postProject
		{3B733379-1A68-4079-AA02-457882F66FB3} = {3B733379-1A68-4079-AA02-457882F66FB3}
	EndProjectSection
EndProject
Project("{FAE04EC0-301F-11D3-BF4B-00C04F79EFBC}") = "LexicalAnalysis", "LexicalAnalysis\LexicalAnalysis.csproj", "{CE2C4C54-09A7-47A4-9AE9-3A9C2DF764C2}"
EndProject
Project("{FAE04EC0-301F-11D3-BF4B-00C04F79EFBC}") = "SyntaxAnalysis", "SyntaxAnalysis\SyntaxAnalysis.csproj", "{3B733379-1A68-4079-AA02-457882F66FB3}"
	ProjectSection(ProjectDependencies) = postProject
		{CE2C4C54-09A7-47A4-9AE9-3A9C2DF764C2} = {CE2C4C54-09A7-47A4-9AE9-3A9C2DF764C2}
	EndProjectSection
EndProject
Project("{FAE04EC0-301F-11D3-BF4B-00C04F79EFBC}") = "JavaToILGenerator", "JavaToILGenerator\JavaToILGenerator.csproj", "{C329515F-25CF-4676-800D-FEFF0F1AC8A5}"
EndProject
Project("{FAE04EC0-301F-11D3-BF4B-00C04F79EFBC}") = "SemanticAnalysis", "SemanticAnalysis\SemanticAnalysis.csproj", "{F6A46274-C696-4AB0-9DCF-EAE4630E3E00}"
EndProject
Global
	GlobalSection(SolutionConfigurationPlatforms) = preSolution
		Debug|Any CPU = Debug|Any CPU
		Release|Any CPU = Release|Any CPU
	EndGlobalSection
	GlobalSection(ProjectConfigurationPlatforms) = postSolution
		{5B8D6D36-14B0-407C-B189-E068086294EC}.Debug|Any CPU.ActiveCfg = Debug|Any CPU
		{5B8D6D36-14B0-407C-B189-E068086294EC}.Debug|Any CPU.Build.0 = Debug|Any CPU
		{5B8D6D36-14B0-407C-B189-E068086294EC}.Release|Any CPU.ActiveCfg = Release|Any CPU
		{5B8D6D36-14B0-407C-B189-E068086294EC}.Release|Any CPU.Build.0 = Release|Any CPU
		{CE2C4C54-09A7-47A4-9AE9-3A9C2DF764C2}.Debug|Any CPU.ActiveCfg = Debug|Any CPU
		{CE2C4C54-09A7-47A4-9AE9-3A9C2DF764C2}.Debug|Any CPU.Build.0 = Debug|Any CPU
		{CE2C4C54-09A7-47A4-9AE9-3A9C2DF764C2}.Release|Any CPU.ActiveCfg = Release|Any CPU
		{CE2C4C54-09A7-47A4-9AE9-3A9C2DF764C2}.Release|Any CPU.Build.0 = Release|Any CPU
		{3B733379-1A68-4079-AA02-457882F66FB3}.Debug|Any CPU.ActiveCfg = Debug|Any CPU
		{3B733379-1A68-4079-AA02-457882F66FB3}.Debug|Any CPU.Build.0 = Debug|Any CPU
		{3B733379-1A68-4079-AA02-457882F66FB3}.Release|Any CPU.ActiveCfg = Release|Any CPU
		{3B733379-1A68-4079-AA02-457882F66FB3}.Release|Any CPU.Build.0 = Release|Any CPU
		{C329515F-25CF-4676-800D-FEFF0F1AC8A5}.Debug|Any CPU.ActiveCfg = Debug|Any CPU
		{C329515F-25CF-4676-800D-FEFF0F1AC8A5}.Debug|Any CPU.Build.0 = Debug|Any CPU
		{C329515F-25CF-4676-800D-FEFF0F1AC8A5}.Release|Any CPU.ActiveCfg = Release|Any CPU
		{C329515F-25CF-4676-800D-FEFF0F1AC8A5}.Release|Any CPU.Build.0 = Release|Any CPU
		{F6A46274-C696-4AB0-9DCF-EAE4630E3E00}.Debug|Any CPU.ActiveCfg = Debug|Any CPU
		{F6A46274-C696-4AB0-9DCF-EAE4630E3E00}.Debug|Any CPU.Build.0 = Debug|Any CPU
		{F6A46274-C696-4AB0-9DCF-EAE4630E3E00}.Release|Any CPU.ActiveCfg = Release|Any CPU
		{F6A46274-C696-4AB0-9DCF-EAE4630E3E00}.Release|Any CPU.Build.0 = Release|Any CPU
	EndGlobalSection
	GlobalSection(SolutionProperties) = preSolution
		HideSolutionNode = FALSE
	EndGlobalSection
EndGlobal
